{
  "version": 4,
  "terraform_version": "1.3.9",
  "serial": 817,
  "lineage": "adcee451-a074-4e2a-a0c9-ec6897aa8a71",
  "outputs": {
    "bucket_name": {
      "value": "s3-bucket-demo-us-east-1-1172384b-6bfe-a7d3-7edb-e325f7b80484",
      "type": "string"
    },
    "db_name": {
      "value": "webapprds",
      "type": "string"
    },
    "db_password": {
      "value": "justgowithit",
      "type": "string",
      "sensitive": true
    },
    "db_username": {
      "value": "csye6225",
      "type": "string"
    },
    "endpoint_port": {
      "value": "csye6225.ctf27poitlik.us-east-1.rds.amazonaws.com",
      "type": "string"
    },
    "region": {
      "value": "us-east-1",
      "type": "string"
    }
  },
  "resources": [
    {
      "mode": "data",
      "type": "aws_availability_zones",
      "name": "available",
      "provider": "provider[\"registry.terraform.io/hashicorp/aws\"]",
      "instances": [
        {
          "schema_version": 0,
          "attributes": {
            "all_availability_zones": null,
            "exclude_names": null,
            "exclude_zone_ids": null,
            "filter": [
              {
                "name": "region-name",
                "values": [
                  "us-east-1"
                ]
              }
            ],
            "group_names": [
              "us-east-1"
            ],
            "id": "us-east-1",
            "names": [
              "us-east-1a",
              "us-east-1b",
              "us-east-1c",
              "us-east-1d",
              "us-east-1e",
              "us-east-1f"
            ],
            "state": "available",
            "timeouts": null,
            "zone_ids": [
              "use1-az4",
              "use1-az6",
              "use1-az1",
              "use1-az2",
              "use1-az3",
              "use1-az5"
            ]
          },
          "sensitive_attributes": []
        }
      ]
    },
    {
      "mode": "data",
      "type": "aws_route53_zone",
      "name": "aws_zone",
      "provider": "provider[\"registry.terraform.io/hashicorp/aws\"]",
      "instances": [
        {
          "schema_version": 0,
          "attributes": {
            "arn": "arn:aws:route53:::hostedzone/Z06096252LKW0MXSRLSHO",
            "caller_reference": "299d453d-f79c-4c05-adf0-5c3209f53020",
            "comment": "",
            "id": "Z06096252LKW0MXSRLSHO",
            "linked_service_description": null,
            "linked_service_principal": null,
            "name": "prod.alishamaryangalan.me",
            "name_servers": [
              "ns-1122.awsdns-12.org",
              "ns-1836.awsdns-37.co.uk",
              "ns-156.awsdns-19.com",
              "ns-603.awsdns-11.net"
            ],
            "primary_name_server": "ns-1122.awsdns-12.org",
            "private_zone": false,
            "resource_record_set_count": 3,
            "tags": {},
            "vpc_id": null,
            "zone_id": "Z06096252LKW0MXSRLSHO"
          },
          "sensitive_attributes": []
        }
      ]
    },
    {
      "mode": "managed",
      "type": "aws_autoscaling_group",
      "name": "webapp_autoscaling_group",
      "provider": "provider[\"registry.terraform.io/hashicorp/aws\"]",
      "instances": [
        {
          "schema_version": 0,
          "attributes": {
            "arn": "arn:aws:autoscaling:us-east-1:916955218910:autoScalingGroup:d627f85f-f628-4029-b378-a14785a43d08:autoScalingGroupName/webapp_autoscaling_group",
            "availability_zones": [
              "us-east-1a",
              "us-east-1b",
              "us-east-1c"
            ],
            "capacity_rebalance": false,
            "context": "",
            "default_cooldown": 60,
            "default_instance_warmup": 0,
            "desired_capacity": 1,
            "desired_capacity_type": "",
            "enabled_metrics": null,
            "force_delete": false,
            "force_delete_warm_pool": false,
            "health_check_grace_period": 300,
            "health_check_type": "EC2",
            "id": "webapp_autoscaling_group",
            "initial_lifecycle_hook": [],
            "instance_refresh": [],
            "launch_configuration": "",
            "launch_template": [
              {
                "id": "lt-0e6b5655a31b0fe9e",
                "name": "asg_launch_template",
                "version": "$Latest"
              }
            ],
            "load_balancers": null,
            "max_instance_lifetime": 0,
            "max_size": 3,
            "metrics_granularity": "1Minute",
            "min_elb_capacity": null,
            "min_size": 1,
            "mixed_instances_policy": [],
            "name": "webapp_autoscaling_group",
            "name_prefix": "",
            "placement_group": "",
            "protect_from_scale_in": false,
            "service_linked_role_arn": "arn:aws:iam::916955218910:role/aws-service-role/autoscaling.amazonaws.com/AWSServiceRoleForAutoScaling",
            "suspended_processes": null,
            "tag": [
              {
                "key": "Name",
                "propagate_at_launch": true,
                "value": "WebAppASG"
              }
            ],
            "tags": null,
            "target_group_arns": [
              "arn:aws:elasticloadbalancing:us-east-1:916955218910:targetgroup/webapp-lb-target-group/da69738499d96369"
            ],
            "termination_policies": null,
            "timeouts": null,
            "vpc_zone_identifier": [
              "subnet-01f3f9951d7948010",
              "subnet-095e3b0d6d32e8b22",
              "subnet-09d118e89151023e2"
            ],
            "wait_for_capacity_timeout": "10m",
            "wait_for_elb_capacity": null,
            "warm_pool": []
          },
          "sensitive_attributes": [],
          "private": "eyJlMmJmYjczMC1lY2FhLTExZTYtOGY4OC0zNDM2M2JjN2M0YzAiOnsiZGVsZXRlIjo2MDAwMDAwMDAwMDAsInVwZGF0ZSI6NjAwMDAwMDAwMDAwfX0=",
          "dependencies": [
            "aws_db_instance.rds",
            "aws_iam_instance_profile.ec2_profile",
            "aws_launch_template.asg_launch_template",
            "aws_lb_target_group.alb_group",
            "aws_s3_bucket.private_bucket",
            "aws_security_group.sg",
            "aws_subnet.public",
            "aws_vpc.vpc_demo"
          ]
        }
      ]
    },
    {
      "mode": "managed",
      "type": "aws_autoscaling_policy",
      "name": "scaleDownPolicy",
      "provider": "provider[\"registry.terraform.io/hashicorp/aws\"]",
      "instances": [
        {
          "schema_version": 0,
          "attributes": {
            "adjustment_type": "ChangeInCapacity",
            "arn": "arn:aws:autoscaling:us-east-1:916955218910:scalingPolicy:dd92b371-ee1a-4f47-9560-051a4973d1fd:autoScalingGroupName/webapp_autoscaling_group:policyName/WebServerScaleDownPolicy",
            "autoscaling_group_name": "webapp_autoscaling_group",
            "cooldown": 60,
            "enabled": true,
            "estimated_instance_warmup": 0,
            "id": "WebServerScaleDownPolicy",
            "metric_aggregation_type": "",
            "min_adjustment_magnitude": 0,
            "name": "WebServerScaleDownPolicy",
            "policy_type": "SimpleScaling",
            "predictive_scaling_configuration": [],
            "scaling_adjustment": -1,
            "step_adjustment": [],
            "target_tracking_configuration": []
          },
          "sensitive_attributes": [],
          "private": "bnVsbA==",
          "dependencies": [
            "aws_autoscaling_group.webapp_autoscaling_group",
            "aws_db_instance.rds",
            "aws_iam_instance_profile.ec2_profile",
            "aws_launch_template.asg_launch_template",
            "aws_lb_target_group.alb_group",
            "aws_s3_bucket.private_bucket",
            "aws_security_group.sg",
            "aws_subnet.public",
            "aws_vpc.vpc_demo"
          ]
        }
      ]
    },
    {
      "mode": "managed",
      "type": "aws_autoscaling_policy",
      "name": "scaleUpPolicy",
      "provider": "provider[\"registry.terraform.io/hashicorp/aws\"]",
      "instances": [
        {
          "schema_version": 0,
          "attributes": {
            "adjustment_type": "ChangeInCapacity",
            "arn": "arn:aws:autoscaling:us-east-1:916955218910:scalingPolicy:118e5a32-41a2-4370-850d-563793a0c405:autoScalingGroupName/webapp_autoscaling_group:policyName/WebServerScaleUpPolicy",
            "autoscaling_group_name": "webapp_autoscaling_group",
            "cooldown": 60,
            "enabled": true,
            "estimated_instance_warmup": 0,
            "id": "WebServerScaleUpPolicy",
            "metric_aggregation_type": "",
            "min_adjustment_magnitude": 0,
            "name": "WebServerScaleUpPolicy",
            "policy_type": "SimpleScaling",
            "predictive_scaling_configuration": [],
            "scaling_adjustment": 1,
            "step_adjustment": [],
            "target_tracking_configuration": []
          },
          "sensitive_attributes": [],
          "private": "bnVsbA==",
          "dependencies": [
            "aws_autoscaling_group.webapp_autoscaling_group",
            "aws_db_instance.rds",
            "aws_iam_instance_profile.ec2_profile",
            "aws_launch_template.asg_launch_template",
            "aws_lb_target_group.alb_group",
            "aws_s3_bucket.private_bucket",
            "aws_security_group.sg",
            "aws_subnet.public",
            "aws_vpc.vpc_demo"
          ]
        }
      ]
    },
    {
      "mode": "managed",
      "type": "aws_cloudwatch_metric_alarm",
      "name": "scale_down",
      "provider": "provider[\"registry.terraform.io/hashicorp/aws\"]",
      "instances": [
        {
          "schema_version": 1,
          "attributes": {
            "actions_enabled": true,
            "alarm_actions": [
              "arn:aws:autoscaling:us-east-1:916955218910:scalingPolicy:dd92b371-ee1a-4f47-9560-051a4973d1fd:autoScalingGroupName/webapp_autoscaling_group:policyName/WebServerScaleDownPolicy"
            ],
            "alarm_description": "Metric used to monitor cpu utilization",
            "alarm_name": "CPUUtilization_Below_3%",
            "arn": "arn:aws:cloudwatch:us-east-1:916955218910:alarm:CPUUtilization_Below_3%",
            "comparison_operator": "LessThanOrEqualToThreshold",
            "datapoints_to_alarm": 0,
            "dimensions": {
              "AutoScalingGroupName": "webapp_autoscaling_group"
            },
            "evaluate_low_sample_count_percentiles": "",
            "evaluation_periods": 1,
            "extended_statistic": "",
            "id": "CPUUtilization_Below_3%",
            "insufficient_data_actions": null,
            "metric_name": "CPUUtilization",
            "metric_query": [],
            "namespace": "AWS/EC2",
            "ok_actions": null,
            "period": 60,
            "statistic": "Average",
            "tags": null,
            "tags_all": {},
            "threshold": 3,
            "threshold_metric_id": "",
            "treat_missing_data": "missing",
            "unit": ""
          },
          "sensitive_attributes": [],
          "private": "eyJzY2hlbWFfdmVyc2lvbiI6IjEifQ==",
          "dependencies": [
            "aws_autoscaling_group.webapp_autoscaling_group",
            "aws_autoscaling_policy.scaleDownPolicy",
            "aws_db_instance.rds",
            "aws_iam_instance_profile.ec2_profile",
            "aws_launch_template.asg_launch_template",
            "aws_lb_target_group.alb_group",
            "aws_s3_bucket.private_bucket",
            "aws_security_group.sg",
            "aws_subnet.public",
            "aws_vpc.vpc_demo"
          ]
        }
      ]
    },
    {
      "mode": "managed",
      "type": "aws_cloudwatch_metric_alarm",
      "name": "scale_up",
      "provider": "provider[\"registry.terraform.io/hashicorp/aws\"]",
      "instances": [
        {
          "schema_version": 1,
          "attributes": {
            "actions_enabled": true,
            "alarm_actions": [
              "arn:aws:autoscaling:us-east-1:916955218910:scalingPolicy:118e5a32-41a2-4370-850d-563793a0c405:autoScalingGroupName/webapp_autoscaling_group:policyName/WebServerScaleUpPolicy"
            ],
            "alarm_description": "Metric used to monitor cpu utilization",
            "alarm_name": "CPUUtilization_Above_5%",
            "arn": "arn:aws:cloudwatch:us-east-1:916955218910:alarm:CPUUtilization_Above_5%",
            "comparison_operator": "GreaterThanOrEqualToThreshold",
            "datapoints_to_alarm": 0,
            "dimensions": {
              "AutoScalingGroupName": "webapp_autoscaling_group"
            },
            "evaluate_low_sample_count_percentiles": "",
            "evaluation_periods": 1,
            "extended_statistic": "",
            "id": "CPUUtilization_Above_5%",
            "insufficient_data_actions": null,
            "metric_name": "CPUUtilization",
            "metric_query": [],
            "namespace": "AWS/EC2",
            "ok_actions": null,
            "period": 60,
            "statistic": "Average",
            "tags": null,
            "tags_all": {},
            "threshold": 5,
            "threshold_metric_id": "",
            "treat_missing_data": "missing",
            "unit": ""
          },
          "sensitive_attributes": [],
          "private": "eyJzY2hlbWFfdmVyc2lvbiI6IjEifQ==",
          "dependencies": [
            "aws_autoscaling_group.webapp_autoscaling_group",
            "aws_autoscaling_policy.scaleUpPolicy",
            "aws_db_instance.rds",
            "aws_iam_instance_profile.ec2_profile",
            "aws_launch_template.asg_launch_template",
            "aws_lb_target_group.alb_group",
            "aws_s3_bucket.private_bucket",
            "aws_security_group.sg",
            "aws_subnet.public",
            "aws_vpc.vpc_demo"
          ]
        }
      ]
    },
    {
      "mode": "managed",
      "type": "aws_db_instance",
      "name": "rds",
      "provider": "provider[\"registry.terraform.io/hashicorp/aws\"]",
      "instances": [
        {
          "schema_version": 1,
          "attributes": {
            "address": "csye6225.ctf27poitlik.us-east-1.rds.amazonaws.com",
            "allocated_storage": 10,
            "allow_major_version_upgrade": null,
            "apply_immediately": false,
            "arn": "arn:aws:rds:us-east-1:916955218910:db:csye6225",
            "auto_minor_version_upgrade": true,
            "availability_zone": "us-east-1b",
            "backup_retention_period": 7,
            "backup_window": "05:44-06:14",
            "blue_green_update": [],
            "ca_cert_identifier": "rds-ca-2019",
            "character_set_name": "",
            "copy_tags_to_snapshot": false,
            "custom_iam_instance_profile": "",
            "customer_owned_ip_enabled": false,
            "db_name": "webapprds",
            "db_subnet_group_name": "aws-db-subnet-group",
            "delete_automated_backups": true,
            "deletion_protection": false,
            "domain": "",
            "domain_iam_role_name": "",
            "enabled_cloudwatch_logs_exports": [],
            "endpoint": "csye6225.ctf27poitlik.us-east-1.rds.amazonaws.com:5432",
            "engine": "postgres",
            "engine_version": "13.4",
            "engine_version_actual": "13.4",
            "final_snapshot_identifier": null,
            "hosted_zone_id": "Z2R2ITUGPM61AM",
            "iam_database_authentication_enabled": false,
            "id": "csye6225",
            "identifier": "csye6225",
            "identifier_prefix": "",
            "instance_class": "db.t3.micro",
            "iops": 0,
            "kms_key_id": "",
            "latest_restorable_time": "2023-04-07T00:56:00Z",
            "license_model": "postgresql-license",
            "listener_endpoint": [],
            "maintenance_window": "wed:10:08-wed:10:38",
            "manage_master_user_password": null,
            "master_user_secret": [],
            "master_user_secret_kms_key_id": null,
            "max_allocated_storage": 0,
            "monitoring_interval": 0,
            "monitoring_role_arn": "",
            "multi_az": false,
            "name": "webapprds",
            "nchar_character_set_name": "",
            "network_type": "IPV4",
            "option_group_name": "default:postgres-13",
            "parameter_group_name": "custom-params-group",
            "password": "justgowithit",
            "performance_insights_enabled": false,
            "performance_insights_kms_key_id": "",
            "performance_insights_retention_period": 0,
            "port": 5432,
            "publicly_accessible": false,
            "replica_mode": "",
            "replicas": [],
            "replicate_source_db": "",
            "resource_id": "db-5NQSVM2QML4U6PUDNIMPY3QBRU",
            "restore_to_point_in_time": [],
            "s3_import": [],
            "security_group_names": [],
            "skip_final_snapshot": true,
            "snapshot_identifier": null,
            "status": "available",
            "storage_encrypted": false,
            "storage_throughput": 0,
            "storage_type": "gp2",
            "tags": {},
            "tags_all": {},
            "timeouts": null,
            "timezone": "",
            "username": "csye6225",
            "vpc_security_group_ids": [
              "sg-01b1d927f1adbcb16"
            ]
          },
          "sensitive_attributes": [],
          "private": "eyJlMmJmYjczMC1lY2FhLTExZTYtOGY4OC0zNDM2M2JjN2M0YzAiOnsiY3JlYXRlIjoyNDAwMDAwMDAwMDAwLCJkZWxldGUiOjM2MDAwMDAwMDAwMDAsInVwZGF0ZSI6NDgwMDAwMDAwMDAwMH0sInNjaGVtYV92ZXJzaW9uIjoiMSJ9",
          "dependencies": [
            "aws_db_parameter_group.custom_pg",
            "aws_db_subnet_group.subnet_rds",
            "aws_security_group.load_balancer_security_group",
            "aws_security_group.sg",
            "aws_security_group.sg_db",
            "aws_subnet.private",
            "aws_vpc.vpc_demo",
            "data.aws_availability_zones.available"
          ],
          "create_before_destroy": true
        }
      ]
    },
    {
      "mode": "managed",
      "type": "aws_db_parameter_group",
      "name": "custom_pg",
      "provider": "provider[\"registry.terraform.io/hashicorp/aws\"]",
      "instances": [
        {
          "schema_version": 0,
          "attributes": {
            "arn": "arn:aws:rds:us-east-1:916955218910:pg:custom-params-group",
            "description": "Custom parameter group for Postgres 13",
            "family": "postgres13",
            "id": "custom-params-group",
            "name": "custom-params-group",
            "name_prefix": null,
            "parameter": [
              {
                "apply_method": "immediate",
                "name": "log_connections",
                "value": "1"
              }
            ],
            "tags": {},
            "tags_all": {}
          },
          "sensitive_attributes": [],
          "private": "bnVsbA==",
          "create_before_destroy": true
        }
      ]
    },
    {
      "mode": "managed",
      "type": "aws_db_subnet_group",
      "name": "subnet_rds",
      "provider": "provider[\"registry.terraform.io/hashicorp/aws\"]",
      "instances": [
        {
          "schema_version": 0,
          "attributes": {
            "arn": "arn:aws:rds:us-east-1:916955218910:subgrp:aws-db-subnet-group",
            "description": "Managed by Terraform",
            "id": "aws-db-subnet-group",
            "name": "aws-db-subnet-group",
            "name_prefix": "",
            "subnet_ids": [
              "subnet-01bbeafb5ba1efc0b",
              "subnet-074a3ad21cfab857b",
              "subnet-0f6ee96582d3594a0"
            ],
            "supported_network_types": [
              "IPV4"
            ],
            "tags": {},
            "tags_all": {}
          },
          "sensitive_attributes": [],
          "private": "bnVsbA==",
          "dependencies": [
            "aws_subnet.private",
            "aws_vpc.vpc_demo",
            "data.aws_availability_zones.available"
          ],
          "create_before_destroy": true
        }
      ]
    },
    {
      "mode": "managed",
      "type": "aws_iam_instance_profile",
      "name": "ec2_profile",
      "provider": "provider[\"registry.terraform.io/hashicorp/aws\"]",
      "instances": [
        {
          "schema_version": 0,
          "attributes": {
            "arn": "arn:aws:iam::916955218910:instance-profile/ec2_profile",
            "create_date": "2023-04-07T00:50:55Z",
            "id": "ec2_profile",
            "name": "ec2_profile",
            "name_prefix": "",
            "path": "/",
            "role": "EC2-CSYE6225",
            "tags": {},
            "tags_all": {},
            "unique_id": "AIPA5K7WKIPPGEETYC3PF"
          },
          "sensitive_attributes": [],
          "private": "bnVsbA==",
          "dependencies": [
            "aws_iam_role.EC2-CSYE6225"
          ],
          "create_before_destroy": true
        }
      ]
    },
    {
      "mode": "managed",
      "type": "aws_iam_policy",
      "name": "WebAppS3",
      "provider": "provider[\"registry.terraform.io/hashicorp/aws\"]",
      "instances": [
        {
          "schema_version": 0,
          "attributes": {
            "arn": "arn:aws:iam::916955218910:policy/WebAppS3",
            "description": "WebAppS3 policy",
            "id": "arn:aws:iam::916955218910:policy/WebAppS3",
            "name": "WebAppS3",
            "name_prefix": "",
            "path": "/",
            "policy": "{\"Statement\":[{\"Action\":[\"s3:PutObject\",\"s3:GetObject\",\"s3:DeleteObject\"],\"Effect\":\"Allow\",\"Resource\":[\"arn:aws:s3:::s3-bucket-demo-us-east-1-1172384b-6bfe-a7d3-7edb-e325f7b80484\",\"arn:aws:s3:::s3-bucket-demo-us-east-1-1172384b-6bfe-a7d3-7edb-e325f7b80484/*\"]}],\"Version\":\"2012-10-17\"}",
            "policy_id": "ANPA5K7WKIPPBHA5MY5GY",
            "tags": {},
            "tags_all": {}
          },
          "sensitive_attributes": [],
          "private": "bnVsbA==",
          "dependencies": [
            "aws_s3_bucket.private_bucket"
          ]
        }
      ]
    },
    {
      "mode": "managed",
      "type": "aws_iam_role",
      "name": "EC2-CSYE6225",
      "provider": "provider[\"registry.terraform.io/hashicorp/aws\"]",
      "instances": [
        {
          "schema_version": 0,
          "attributes": {
            "arn": "arn:aws:iam::916955218910:role/EC2-CSYE6225",
            "assume_role_policy": "{\"Statement\":[{\"Action\":\"sts:AssumeRole\",\"Effect\":\"Allow\",\"Principal\":{\"Service\":\"ec2.amazonaws.com\"},\"Sid\":\"\"}],\"Version\":\"2012-10-17\"}",
            "create_date": "2023-04-07T00:50:55Z",
            "description": "",
            "force_detach_policies": false,
            "id": "EC2-CSYE6225",
            "inline_policy": [],
            "managed_policy_arns": [
              "arn:aws:iam::916955218910:policy/WebAppS3",
              "arn:aws:iam::aws:policy/CloudWatchAgentServerPolicy"
            ],
            "max_session_duration": 3600,
            "name": "EC2-CSYE6225",
            "name_prefix": "",
            "path": "/",
            "permissions_boundary": null,
            "tags": {},
            "tags_all": {},
            "unique_id": "AROA5K7WKIPPHT73SQGBF"
          },
          "sensitive_attributes": [],
          "private": "bnVsbA==",
          "create_before_destroy": true
        }
      ]
    },
    {
      "mode": "managed",
      "type": "aws_iam_role_policy_attachment",
      "name": "Attach_WebAppS3_to_EC2-CSYE6225",
      "provider": "provider[\"registry.terraform.io/hashicorp/aws\"]",
      "instances": [
        {
          "schema_version": 0,
          "attributes": {
            "id": "EC2-CSYE6225-20230407005057810100000003",
            "policy_arn": "arn:aws:iam::916955218910:policy/WebAppS3",
            "role": "EC2-CSYE6225"
          },
          "sensitive_attributes": [],
          "private": "bnVsbA==",
          "dependencies": [
            "aws_iam_policy.WebAppS3",
            "aws_iam_role.EC2-CSYE6225",
            "aws_s3_bucket.private_bucket"
          ]
        }
      ]
    },
    {
      "mode": "managed",
      "type": "aws_iam_role_policy_attachment",
      "name": "cloudwatch_policy_attachment",
      "provider": "provider[\"registry.terraform.io/hashicorp/aws\"]",
      "instances": [
        {
          "schema_version": 0,
          "attributes": {
            "id": "EC2-CSYE6225-20230407005055940700000001",
            "policy_arn": "arn:aws:iam::aws:policy/CloudWatchAgentServerPolicy",
            "role": "EC2-CSYE6225"
          },
          "sensitive_attributes": [],
          "private": "bnVsbA==",
          "dependencies": [
            "aws_iam_role.EC2-CSYE6225"
          ]
        }
      ]
    },
    {
      "mode": "managed",
      "type": "aws_internet_gateway",
      "name": "gateway",
      "provider": "provider[\"registry.terraform.io/hashicorp/aws\"]",
      "instances": [
        {
          "schema_version": 0,
          "attributes": {
            "arn": "arn:aws:ec2:us-east-1:916955218910:internet-gateway/igw-04971180574aab3b6",
            "id": "igw-04971180574aab3b6",
            "owner_id": "916955218910",
            "tags": {
              "Name": "gateway"
            },
            "tags_all": {
              "Name": "gateway"
            },
            "timeouts": null,
            "vpc_id": "vpc-0a40934eb199c7b1f"
          },
          "sensitive_attributes": [],
          "private": "eyJlMmJmYjczMC1lY2FhLTExZTYtOGY4OC0zNDM2M2JjN2M0YzAiOnsiY3JlYXRlIjoxMjAwMDAwMDAwMDAwLCJkZWxldGUiOjEyMDAwMDAwMDAwMDAsInVwZGF0ZSI6MTIwMDAwMDAwMDAwMH19",
          "dependencies": [
            "aws_vpc.vpc_demo"
          ]
        }
      ]
    },
    {
      "mode": "managed",
      "type": "aws_launch_template",
      "name": "asg_launch_template",
      "provider": "provider[\"registry.terraform.io/hashicorp/aws\"]",
      "instances": [
        {
          "schema_version": 0,
          "attributes": {
            "arn": "arn:aws:ec2:us-east-1:916955218910:launch-template/lt-0e6b5655a31b0fe9e",
            "block_device_mappings": [
              {
                "device_name": "/dev/xvda",
                "ebs": [
                  {
                    "delete_on_termination": "true",
                    "encrypted": "true",
                    "iops": 0,
                    "kms_key_id": "",
                    "snapshot_id": "",
                    "throughput": 0,
                    "volume_size": 50,
                    "volume_type": "gp2"
                  }
                ],
                "no_device": "",
                "virtual_name": ""
              }
            ],
            "capacity_reservation_specification": [],
            "cpu_options": [],
            "credit_specification": [],
            "default_version": 1,
            "description": "",
            "disable_api_stop": false,
            "disable_api_termination": false,
            "ebs_optimized": "",
            "elastic_gpu_specifications": [],
            "elastic_inference_accelerator": [],
            "enclave_options": [],
            "hibernation_options": [],
            "iam_instance_profile": [
              {
                "arn": "",
                "name": "ec2_profile"
              }
            ],
            "id": "lt-0e6b5655a31b0fe9e",
            "image_id": "ami-04bf3bd51b3fb14f3",
            "instance_initiated_shutdown_behavior": "",
            "instance_market_options": [],
            "instance_requirements": [],
            "instance_type": "t2.micro",
            "kernel_id": "",
            "key_name": "ec2",
            "latest_version": 2,
            "license_specification": [],
            "maintenance_options": [],
            "metadata_options": [],
            "monitoring": [],
            "name": "asg_launch_template",
            "name_prefix": "",
            "network_interfaces": [
              {
                "associate_carrier_ip_address": "",
                "associate_public_ip_address": "true",
                "delete_on_termination": "",
                "description": "",
                "device_index": 0,
                "interface_type": "",
                "ipv4_address_count": 0,
                "ipv4_addresses": [],
                "ipv4_prefix_count": 0,
                "ipv4_prefixes": [],
                "ipv6_address_count": 0,
                "ipv6_addresses": [],
                "ipv6_prefix_count": 0,
                "ipv6_prefixes": [],
                "network_card_index": 0,
                "network_interface_id": "",
                "private_ip_address": "",
                "security_groups": [
                  "sg-0f70f71715e011a17"
                ],
                "subnet_id": ""
              }
            ],
            "placement": [],
            "private_dns_name_options": [],
            "ram_disk_id": "",
            "security_group_names": [],
            "tag_specifications": [],
            "tags": {},
            "tags_all": {},
            "update_default_version": null,
            "user_data": "IyEvYmluL2Jhc2gKc3VkbyBjaG1vZCAtUiA3NzUgL2hvbWUvZWMyLXVzZXIvd2ViYXBwCiMgcHJpbnRmICJcbiIgPj4gL2hvbWUvZWMyLXVzZXIvd2ViYXBwLy5lbnYKIyBwcmludGYgIkRCX0VORFBPSU5UID0gJyVzJ1xuIiAiJDEiID4+IC9ob21lL2VjMi11c2VyL3dlYmFwcC8uZW52CiMgcHJpbnRmICJEQl9OQU1FID0gJyVzJ1xuIiAiJDIiID4+IC9ob21lL2VjMi11c2VyL3dlYmFwcC8uZW52CiMgcHJpbnRmICJEQl9VU0VSTkFNRSA9ICclcydcbiIgIiQzIiA+PiAvaG9tZS9lYzItdXNlci93ZWJhcHAvLmVudgojIHByaW50ZiAiREJfUEFTU1dPUkQgPSAnJXMnXG4iICIkNCIgPj4gL2hvbWUvZWMyLXVzZXIvd2ViYXBwLy5lbnYKIyBwcmludGYgIkJVQ0tFVF9OQU1FID0gJyVzJ1xuIiAiJDUiID4+IC9ob21lL2VjMi11c2VyL3dlYmFwcC8uZW52CiMgcHJpbnRmICJSRUdJT04gPSAnJXMnXG4iICIkNiIgPj4gL2hvbWUvZWMyLXVzZXIvd2ViYXBwLy5lbnYKIyBwcmludGYgIlBPUlQgPSAnMzAzMCdcbiIgPj4gL2hvbWUvZWMyLXVzZXIvd2ViYXBwLy5lbnYKIyBwcmludGYgImZpbGVuYW1lID0gJ2ZpbGUnXG4iID4+IC9ob21lL2VjMi11c2VyL3dlYmFwcC8uZW52Cgp7IHByaW50ZiAiREJfRU5EUE9JTlQgPSAnJXMnXG4iICJjc3llNjIyNS5jdGYyN3BvaXRsaWsudXMtZWFzdC0xLnJkcy5hbWF6b25hd3MuY29tIgogIHByaW50ZiAiREJfTkFNRSA9ICclcydcbiIgIndlYmFwcHJkcyIKICBwcmludGYgIkRCX1VTRVJOQU1FID0gJyVzJ1xuIiAiY3N5ZTYyMjUiCiAgcHJpbnRmICJEQl9QQVNTV09SRCA9ICclcydcbiIgImp1c3Rnb3dpdGhpdCIKICBwcmludGYgIkJVQ0tFVF9OQU1FID0gJyVzJ1xuIiAiczMtYnVja2V0LWRlbW8tdXMtZWFzdC0xLTExNzIzODRiLTZiZmUtYTdkMy03ZWRiLWUzMjVmN2I4MDQ4NCIKICBwcmludGYgIlJFR0lPTiA9ICclcydcbiIgInVzLWVhc3QtMSIKICBwcmludGYgIlBPUlQgPSAnMzAzMCdcbiIKICBwcmludGYgImZpbGVuYW1lID0gJ2ZpbGUnXG4iCn0gPj4gL2hvbWUvZWMyLXVzZXIvd2ViYXBwLy5lbnYKCnNsZWVwIDE1CnN1ZG8gY2htb2QgNzc3IC9ob21lL2VjMi11c2VyL3dlYmFwcApzdWRvIGNobW9kIDc3NyAvaG9tZS9lYzItdXNlci93ZWJhcHAvdXBsb2FkcwojIHN1ZG8gc3lzdGVtY3RsIGVuYWJsZSB3ZWJhcHAuc2VydmljZQojIHN1ZG8gc3lzdGVtY3RsIHN0YXJ0IHdlYmFwcC5zZXJ2aWNlCiMgc2xlZXAgNQpzdWRvIC9vcHQvYXdzL2FtYXpvbi1jbG91ZHdhdGNoLWFnZW50L2Jpbi9hbWF6b24tY2xvdWR3YXRjaC1hZ2VudC1jdGwgLWEgZmV0Y2gtY29uZmlnIC1tIGVjMiAtYyBmaWxlOi9vcHQvY2xvdWR3YXRjaC1jb25maWcuanNvbiAtcwpzdWRvIGNobW9kIDc3NyAvaG9tZS9lYzItdXNlci93ZWJhcHAvbG9ncwpzbGVlcCAxNQpzdWRvIHN5c3RlbWN0bCBlbmFibGUgd2ViYXBwLnNlcnZpY2UKc3VkbyBzeXN0ZW1jdGwgc3RhcnQgd2ViYXBwLnNlcnZpY2UKc3VkbyB5dW0gaW5zdGFsbCBwb2xraXQKc3VkbyBzeXN0ZW1jdGwgcmVzdGFydCBhbWF6b24tY2xvdWR3YXRjaC1hZ2VudC5zZXJ2aWNlCnNsZWVwIDIwCnN1ZG8gc3lzdGVtY3RsIHJlc3RhcnQgd2ViYXBwLnNlcnZpY2UKc2xlZXAgMTUK",
            "vpc_security_group_ids": []
          },
          "sensitive_attributes": [
            [
              {
                "type": "get_attr",
                "value": "user_data"
              }
            ]
          ],
          "private": "bnVsbA==",
          "dependencies": [
            "aws_db_instance.rds",
            "aws_iam_instance_profile.ec2_profile",
            "aws_s3_bucket.private_bucket",
            "aws_security_group.sg"
          ],
          "create_before_destroy": true
        }
      ]
    },
    {
      "mode": "managed",
      "type": "aws_lb",
      "name": "application_load_balancer",
      "provider": "provider[\"registry.terraform.io/hashicorp/aws\"]",
      "instances": [
        {
          "schema_version": 0,
          "attributes": {
            "access_logs": [
              {
                "bucket": "",
                "enabled": false,
                "prefix": ""
              }
            ],
            "arn": "arn:aws:elasticloadbalancing:us-east-1:916955218910:loadbalancer/app/application-load-balancer/72c482375a027acd",
            "arn_suffix": "app/application-load-balancer/72c482375a027acd",
            "customer_owned_ipv4_pool": "",
            "desync_mitigation_mode": "defensive",
            "dns_name": "application-load-balancer-1678537284.us-east-1.elb.amazonaws.com",
            "drop_invalid_header_fields": false,
            "enable_cross_zone_load_balancing": true,
            "enable_deletion_protection": false,
            "enable_http2": true,
            "enable_tls_version_and_cipher_suite_headers": false,
            "enable_waf_fail_open": false,
            "enable_xff_client_port": false,
            "id": "arn:aws:elasticloadbalancing:us-east-1:916955218910:loadbalancer/app/application-load-balancer/72c482375a027acd",
            "idle_timeout": 60,
            "internal": false,
            "ip_address_type": "ipv4",
            "load_balancer_type": "application",
            "name": "application-load-balancer",
            "name_prefix": null,
            "preserve_host_header": false,
            "security_groups": [
              "sg-04fdcbaf8242514a3"
            ],
            "subnet_mapping": [
              {
                "allocation_id": "",
                "ipv6_address": "",
                "outpost_id": "",
                "private_ipv4_address": "",
                "subnet_id": "subnet-01f3f9951d7948010"
              },
              {
                "allocation_id": "",
                "ipv6_address": "",
                "outpost_id": "",
                "private_ipv4_address": "",
                "subnet_id": "subnet-095e3b0d6d32e8b22"
              },
              {
                "allocation_id": "",
                "ipv6_address": "",
                "outpost_id": "",
                "private_ipv4_address": "",
                "subnet_id": "subnet-09d118e89151023e2"
              }
            ],
            "subnets": [
              "subnet-01f3f9951d7948010",
              "subnet-095e3b0d6d32e8b22",
              "subnet-09d118e89151023e2"
            ],
            "tags": {
              "Name": "application-loadbalancer"
            },
            "tags_all": {
              "Name": "application-loadbalancer"
            },
            "timeouts": null,
            "vpc_id": "vpc-0a40934eb199c7b1f",
            "xff_header_processing_mode": "append",
            "zone_id": "Z35SXDOTRQ7X7K"
          },
          "sensitive_attributes": [],
          "private": "eyJlMmJmYjczMC1lY2FhLTExZTYtOGY4OC0zNDM2M2JjN2M0YzAiOnsiY3JlYXRlIjo2MDAwMDAwMDAwMDAsImRlbGV0ZSI6NjAwMDAwMDAwMDAwLCJ1cGRhdGUiOjYwMDAwMDAwMDAwMH19",
          "dependencies": [
            "aws_security_group.load_balancer_security_group",
            "aws_subnet.public",
            "aws_vpc.vpc_demo",
            "data.aws_availability_zones.available"
          ]
        }
      ]
    },
    {
      "mode": "managed",
      "type": "aws_lb_listener",
      "name": "https",
      "provider": "provider[\"registry.terraform.io/hashicorp/aws\"]",
      "instances": [
        {
          "schema_version": 0,
          "attributes": {
            "alpn_policy": null,
            "arn": "arn:aws:elasticloadbalancing:us-east-1:916955218910:listener/app/application-load-balancer/72c482375a027acd/79448e03858ca503",
            "certificate_arn": null,
            "default_action": [
              {
                "authenticate_cognito": [],
                "authenticate_oidc": [],
                "fixed_response": [],
                "forward": [],
                "order": 1,
                "redirect": [],
                "target_group_arn": "arn:aws:elasticloadbalancing:us-east-1:916955218910:targetgroup/webapp-lb-target-group/da69738499d96369",
                "type": "forward"
              }
            ],
            "id": "arn:aws:elasticloadbalancing:us-east-1:916955218910:listener/app/application-load-balancer/72c482375a027acd/79448e03858ca503",
            "load_balancer_arn": "arn:aws:elasticloadbalancing:us-east-1:916955218910:loadbalancer/app/application-load-balancer/72c482375a027acd",
            "port": 80,
            "protocol": "HTTP",
            "ssl_policy": "",
            "tags": null,
            "tags_all": {},
            "timeouts": null
          },
          "sensitive_attributes": [],
          "private": "eyJlMmJmYjczMC1lY2FhLTExZTYtOGY4OC0zNDM2M2JjN2M0YzAiOnsicmVhZCI6NjAwMDAwMDAwMDAwfX0=",
          "dependencies": [
            "aws_lb.application_load_balancer",
            "aws_lb_target_group.alb_group",
            "aws_vpc.vpc_demo"
          ]
        }
      ]
    },
    {
      "mode": "managed",
      "type": "aws_lb_target_group",
      "name": "alb_group",
      "provider": "provider[\"registry.terraform.io/hashicorp/aws\"]",
      "instances": [
        {
          "schema_version": 0,
          "attributes": {
            "arn": "arn:aws:elasticloadbalancing:us-east-1:916955218910:targetgroup/webapp-lb-target-group/da69738499d96369",
            "arn_suffix": "targetgroup/webapp-lb-target-group/da69738499d96369",
            "connection_termination": false,
            "deregistration_delay": "300",
            "health_check": [
              {
                "enabled": true,
                "healthy_threshold": 2,
                "interval": 100,
                "matcher": "200",
                "path": "/healthz",
                "port": "3030",
                "protocol": "HTTP",
                "timeout": 50,
                "unhealthy_threshold": 2
              }
            ],
            "id": "arn:aws:elasticloadbalancing:us-east-1:916955218910:targetgroup/webapp-lb-target-group/da69738499d96369",
            "ip_address_type": "ipv4",
            "lambda_multi_value_headers_enabled": false,
            "load_balancing_algorithm_type": "round_robin",
            "load_balancing_cross_zone_enabled": "use_load_balancer_configuration",
            "name": "webapp-lb-target-group",
            "name_prefix": null,
            "port": 3030,
            "preserve_client_ip": null,
            "protocol": "HTTP",
            "protocol_version": "HTTP1",
            "proxy_protocol_v2": false,
            "slow_start": 0,
            "stickiness": [
              {
                "cookie_duration": 86400,
                "cookie_name": "",
                "enabled": false,
                "type": "lb_cookie"
              }
            ],
            "tags": null,
            "tags_all": {},
            "target_failover": [
              {
                "on_deregistration": null,
                "on_unhealthy": null
              }
            ],
            "target_type": "instance",
            "vpc_id": "vpc-0a40934eb199c7b1f"
          },
          "sensitive_attributes": [],
          "private": "bnVsbA==",
          "dependencies": [
            "aws_vpc.vpc_demo"
          ]
        }
      ]
    },
    {
      "mode": "managed",
      "type": "aws_route53_record",
      "name": "aws_record",
      "provider": "provider[\"registry.terraform.io/hashicorp/aws\"]",
      "instances": [
        {
          "schema_version": 2,
          "attributes": {
            "alias": [
              {
                "evaluate_target_health": true,
                "name": "application-load-balancer-1678537284.us-east-1.elb.amazonaws.com",
                "zone_id": "Z35SXDOTRQ7X7K"
              }
            ],
            "allow_overwrite": null,
            "cidr_routing_policy": [],
            "failover_routing_policy": [],
            "fqdn": "prod.alishamaryangalan.me",
            "geolocation_routing_policy": [],
            "health_check_id": "",
            "id": "Z06096252LKW0MXSRLSHO__A",
            "latency_routing_policy": [],
            "multivalue_answer_routing_policy": false,
            "name": "",
            "records": [],
            "set_identifier": "",
            "ttl": 0,
            "type": "A",
            "weighted_routing_policy": [],
            "zone_id": "Z06096252LKW0MXSRLSHO"
          },
          "sensitive_attributes": [],
          "private": "eyJzY2hlbWFfdmVyc2lvbiI6IjIifQ==",
          "dependencies": [
            "aws_lb.application_load_balancer",
            "aws_security_group.load_balancer_security_group",
            "aws_subnet.public",
            "aws_vpc.vpc_demo",
            "data.aws_availability_zones.available",
            "data.aws_route53_zone.aws_zone"
          ]
        }
      ]
    },
    {
      "mode": "managed",
      "type": "aws_route_table",
      "name": "rt_private",
      "provider": "provider[\"registry.terraform.io/hashicorp/aws\"]",
      "instances": [
        {
          "schema_version": 0,
          "attributes": {
            "arn": "arn:aws:ec2:us-east-1:916955218910:route-table/rtb-02f4ab33e558f158d",
            "id": "rtb-02f4ab33e558f158d",
            "owner_id": "916955218910",
            "propagating_vgws": [],
            "route": [],
            "tags": {
              "Name": "Private Subnet Route Table"
            },
            "tags_all": {
              "Name": "Private Subnet Route Table"
            },
            "timeouts": null,
            "vpc_id": "vpc-0a40934eb199c7b1f"
          },
          "sensitive_attributes": [],
          "private": "eyJlMmJmYjczMC1lY2FhLTExZTYtOGY4OC0zNDM2M2JjN2M0YzAiOnsiY3JlYXRlIjozMDAwMDAwMDAwMDAsImRlbGV0ZSI6MzAwMDAwMDAwMDAwLCJ1cGRhdGUiOjEyMDAwMDAwMDAwMH19",
          "dependencies": [
            "aws_vpc.vpc_demo"
          ]
        }
      ]
    },
    {
      "mode": "managed",
      "type": "aws_route_table",
      "name": "rt_public",
      "provider": "provider[\"registry.terraform.io/hashicorp/aws\"]",
      "instances": [
        {
          "schema_version": 0,
          "attributes": {
            "arn": "arn:aws:ec2:us-east-1:916955218910:route-table/rtb-0b8fbc890758c49c6",
            "id": "rtb-0b8fbc890758c49c6",
            "owner_id": "916955218910",
            "propagating_vgws": [],
            "route": [
              {
                "carrier_gateway_id": "",
                "cidr_block": "0.0.0.0/0",
                "core_network_arn": "",
                "destination_prefix_list_id": "",
                "egress_only_gateway_id": "",
                "gateway_id": "igw-04971180574aab3b6",
                "instance_id": "",
                "ipv6_cidr_block": "",
                "local_gateway_id": "",
                "nat_gateway_id": "",
                "network_interface_id": "",
                "transit_gateway_id": "",
                "vpc_endpoint_id": "",
                "vpc_peering_connection_id": ""
              }
            ],
            "tags": {
              "Name": "Public Subnet Route Table"
            },
            "tags_all": {
              "Name": "Public Subnet Route Table"
            },
            "timeouts": null,
            "vpc_id": "vpc-0a40934eb199c7b1f"
          },
          "sensitive_attributes": [],
          "private": "eyJlMmJmYjczMC1lY2FhLTExZTYtOGY4OC0zNDM2M2JjN2M0YzAiOnsiY3JlYXRlIjozMDAwMDAwMDAwMDAsImRlbGV0ZSI6MzAwMDAwMDAwMDAwLCJ1cGRhdGUiOjEyMDAwMDAwMDAwMH19",
          "dependencies": [
            "aws_internet_gateway.gateway",
            "aws_vpc.vpc_demo"
          ]
        }
      ]
    },
    {
      "mode": "managed",
      "type": "aws_route_table_association",
      "name": "rt_associate_private",
      "provider": "provider[\"registry.terraform.io/hashicorp/aws\"]",
      "instances": [
        {
          "index_key": 0,
          "schema_version": 0,
          "attributes": {
            "gateway_id": "",
            "id": "rtbassoc-0707d56620e2b2aee",
            "route_table_id": "rtb-02f4ab33e558f158d",
            "subnet_id": "subnet-0f6ee96582d3594a0"
          },
          "sensitive_attributes": [],
          "private": "bnVsbA==",
          "dependencies": [
            "aws_route_table.rt_private",
            "aws_subnet.private",
            "aws_vpc.vpc_demo",
            "data.aws_availability_zones.available"
          ]
        },
        {
          "index_key": 1,
          "schema_version": 0,
          "attributes": {
            "gateway_id": "",
            "id": "rtbassoc-054f8b69a0158c8ca",
            "route_table_id": "rtb-02f4ab33e558f158d",
            "subnet_id": "subnet-01bbeafb5ba1efc0b"
          },
          "sensitive_attributes": [],
          "private": "bnVsbA==",
          "dependencies": [
            "aws_route_table.rt_private",
            "aws_subnet.private",
            "aws_vpc.vpc_demo",
            "data.aws_availability_zones.available"
          ]
        },
        {
          "index_key": 2,
          "schema_version": 0,
          "attributes": {
            "gateway_id": "",
            "id": "rtbassoc-0141f96672e5a901b",
            "route_table_id": "rtb-02f4ab33e558f158d",
            "subnet_id": "subnet-074a3ad21cfab857b"
          },
          "sensitive_attributes": [],
          "private": "bnVsbA==",
          "dependencies": [
            "aws_route_table.rt_private",
            "aws_subnet.private",
            "aws_vpc.vpc_demo",
            "data.aws_availability_zones.available"
          ]
        }
      ]
    },
    {
      "mode": "managed",
      "type": "aws_route_table_association",
      "name": "rt_associate_public",
      "provider": "provider[\"registry.terraform.io/hashicorp/aws\"]",
      "instances": [
        {
          "index_key": 0,
          "schema_version": 0,
          "attributes": {
            "gateway_id": "",
            "id": "rtbassoc-0c0c651cb51b8a724",
            "route_table_id": "rtb-0b8fbc890758c49c6",
            "subnet_id": "subnet-09d118e89151023e2"
          },
          "sensitive_attributes": [],
          "private": "bnVsbA==",
          "dependencies": [
            "aws_internet_gateway.gateway",
            "aws_route_table.rt_public",
            "aws_subnet.public",
            "aws_vpc.vpc_demo",
            "data.aws_availability_zones.available"
          ]
        },
        {
          "index_key": 1,
          "schema_version": 0,
          "attributes": {
            "gateway_id": "",
            "id": "rtbassoc-0456560aa2ea49def",
            "route_table_id": "rtb-0b8fbc890758c49c6",
            "subnet_id": "subnet-01f3f9951d7948010"
          },
          "sensitive_attributes": [],
          "private": "bnVsbA==",
          "dependencies": [
            "aws_internet_gateway.gateway",
            "aws_route_table.rt_public",
            "aws_subnet.public",
            "aws_vpc.vpc_demo",
            "data.aws_availability_zones.available"
          ]
        },
        {
          "index_key": 2,
          "schema_version": 0,
          "attributes": {
            "gateway_id": "",
            "id": "rtbassoc-022920206e4a586ee",
            "route_table_id": "rtb-0b8fbc890758c49c6",
            "subnet_id": "subnet-095e3b0d6d32e8b22"
          },
          "sensitive_attributes": [],
          "private": "bnVsbA==",
          "dependencies": [
            "aws_internet_gateway.gateway",
            "aws_route_table.rt_public",
            "aws_subnet.public",
            "aws_vpc.vpc_demo",
            "data.aws_availability_zones.available"
          ]
        }
      ]
    },
    {
      "mode": "managed",
      "type": "aws_s3_bucket",
      "name": "private_bucket",
      "provider": "provider[\"registry.terraform.io/hashicorp/aws\"]",
      "instances": [
        {
          "schema_version": 0,
          "attributes": {
            "acceleration_status": "",
            "acl": "private",
            "arn": "arn:aws:s3:::s3-bucket-demo-us-east-1-1172384b-6bfe-a7d3-7edb-e325f7b80484",
            "bucket": "s3-bucket-demo-us-east-1-1172384b-6bfe-a7d3-7edb-e325f7b80484",
            "bucket_domain_name": "s3-bucket-demo-us-east-1-1172384b-6bfe-a7d3-7edb-e325f7b80484.s3.amazonaws.com",
            "bucket_prefix": "",
            "bucket_regional_domain_name": "s3-bucket-demo-us-east-1-1172384b-6bfe-a7d3-7edb-e325f7b80484.s3.amazonaws.com",
            "cors_rule": [],
            "force_destroy": true,
            "grant": [
              {
                "id": "c6f91f41b4a572b42e5355daba32697bb72672b13ec31bb8d731fc7e501b4a75",
                "permissions": [
                  "FULL_CONTROL"
                ],
                "type": "CanonicalUser",
                "uri": ""
              }
            ],
            "hosted_zone_id": "Z3AQBSTGFYJSTF",
            "id": "s3-bucket-demo-us-east-1-1172384b-6bfe-a7d3-7edb-e325f7b80484",
            "lifecycle_rule": [
              {
                "abort_incomplete_multipart_upload_days": 0,
                "enabled": true,
                "expiration": [],
                "id": "tf-s3-lifecycle-20230407005842339200000001",
                "noncurrent_version_expiration": [],
                "noncurrent_version_transition": [],
                "prefix": "config/",
                "tags": null,
                "transition": [
                  {
                    "date": "",
                    "days": 30,
                    "storage_class": "STANDARD_IA"
                  }
                ]
              }
            ],
            "logging": [],
            "object_lock_configuration": [],
            "object_lock_enabled": false,
            "policy": "",
            "region": "us-east-1",
            "replication_configuration": [],
            "request_payer": "BucketOwner",
            "server_side_encryption_configuration": [
              {
                "rule": [
                  {
                    "apply_server_side_encryption_by_default": [
                      {
                        "kms_master_key_id": "",
                        "sse_algorithm": "aws:kms"
                      }
                    ],
                    "bucket_key_enabled": false
                  }
                ]
              }
            ],
            "tags": {
              "Name": "s3-bucket-demo-us-east-1-3ea442a3-8465-4139-d045-6efd9d00ff3f"
            },
            "tags_all": {
              "Name": "s3-bucket-demo-us-east-1-3ea442a3-8465-4139-d045-6efd9d00ff3f"
            },
            "timeouts": null,
            "versioning": [
              {
                "enabled": false,
                "mfa_delete": false
              }
            ],
            "website": [],
            "website_domain": null,
            "website_endpoint": null
          },
          "sensitive_attributes": [],
          "private": "eyJlMmJmYjczMC1lY2FhLTExZTYtOGY4OC0zNDM2M2JjN2M0YzAiOnsiY3JlYXRlIjoxMjAwMDAwMDAwMDAwLCJkZWxldGUiOjM2MDAwMDAwMDAwMDAsInJlYWQiOjEyMDAwMDAwMDAwMDAsInVwZGF0ZSI6MTIwMDAwMDAwMDAwMH19",
          "create_before_destroy": true
        }
      ]
    },
    {
      "mode": "managed",
      "type": "aws_s3_bucket_public_access_block",
      "name": "s3_pub_accessBlock",
      "provider": "provider[\"registry.terraform.io/hashicorp/aws\"]",
      "instances": [
        {
          "schema_version": 0,
          "attributes": {
            "block_public_acls": true,
            "block_public_policy": true,
            "bucket": "s3-bucket-demo-us-east-1-1172384b-6bfe-a7d3-7edb-e325f7b80484",
            "id": "s3-bucket-demo-us-east-1-1172384b-6bfe-a7d3-7edb-e325f7b80484",
            "ignore_public_acls": false,
            "restrict_public_buckets": false
          },
          "sensitive_attributes": [],
          "private": "bnVsbA==",
          "dependencies": [
            "aws_s3_bucket.private_bucket"
          ]
        }
      ]
    },
    {
      "mode": "managed",
      "type": "aws_security_group",
      "name": "load_balancer_security_group",
      "provider": "provider[\"registry.terraform.io/hashicorp/aws\"]",
      "instances": [
        {
          "schema_version": 1,
          "attributes": {
            "arn": "arn:aws:ec2:us-east-1:916955218910:security-group/sg-04fdcbaf8242514a3",
            "description": "security group for load balancer",
            "egress": [
              {
                "cidr_blocks": [
                  "0.0.0.0/0"
                ],
                "description": "",
                "from_port": 0,
                "ipv6_cidr_blocks": [],
                "prefix_list_ids": [],
                "protocol": "-1",
                "security_groups": [],
                "self": false,
                "to_port": 0
              }
            ],
            "id": "sg-04fdcbaf8242514a3",
            "ingress": [
              {
                "cidr_blocks": [
                  "0.0.0.0/0"
                ],
                "description": "",
                "from_port": 443,
                "ipv6_cidr_blocks": [],
                "prefix_list_ids": [],
                "protocol": "tcp",
                "security_groups": [],
                "self": false,
                "to_port": 443
              },
              {
                "cidr_blocks": [
                  "0.0.0.0/0"
                ],
                "description": "",
                "from_port": 80,
                "ipv6_cidr_blocks": [],
                "prefix_list_ids": [],
                "protocol": "tcp",
                "security_groups": [],
                "self": false,
                "to_port": 80
              }
            ],
            "name": "load_balancer_security_group20230407005107240600000004",
            "name_prefix": "load_balancer_security_group",
            "owner_id": "916955218910",
            "revoke_rules_on_delete": false,
            "tags": {
              "Name": "load_balancer_security_group"
            },
            "tags_all": {
              "Name": "load_balancer_security_group"
            },
            "timeouts": null,
            "vpc_id": "vpc-0a40934eb199c7b1f"
          },
          "sensitive_attributes": [],
          "private": "eyJlMmJmYjczMC1lY2FhLTExZTYtOGY4OC0zNDM2M2JjN2M0YzAiOnsiY3JlYXRlIjo2MDAwMDAwMDAwMDAsImRlbGV0ZSI6OTAwMDAwMDAwMDAwfSwic2NoZW1hX3ZlcnNpb24iOiIxIn0=",
          "dependencies": [
            "aws_vpc.vpc_demo"
          ],
          "create_before_destroy": true
        }
      ]
    },
    {
      "mode": "managed",
      "type": "aws_security_group",
      "name": "sg",
      "provider": "provider[\"registry.terraform.io/hashicorp/aws\"]",
      "instances": [
        {
          "schema_version": 1,
          "attributes": {
            "arn": "arn:aws:ec2:us-east-1:916955218910:security-group/sg-0f70f71715e011a17",
            "description": "Security group for ec2",
            "egress": [
              {
                "cidr_blocks": [
                  "0.0.0.0/0"
                ],
                "description": "",
                "from_port": 0,
                "ipv6_cidr_blocks": [],
                "prefix_list_ids": [],
                "protocol": "-1",
                "security_groups": [],
                "self": false,
                "to_port": 0
              }
            ],
            "id": "sg-0f70f71715e011a17",
            "ingress": [
              {
                "cidr_blocks": [
                  "0.0.0.0/0"
                ],
                "description": "",
                "from_port": 22,
                "ipv6_cidr_blocks": [],
                "prefix_list_ids": [],
                "protocol": "tcp",
                "security_groups": [],
                "self": false,
                "to_port": 22
              },
              {
                "cidr_blocks": [],
                "description": "",
                "from_port": 3030,
                "ipv6_cidr_blocks": [],
                "prefix_list_ids": [],
                "protocol": "tcp",
                "security_groups": [
                  "sg-04fdcbaf8242514a3"
                ],
                "self": false,
                "to_port": 3030
              }
            ],
            "name": "WebAppSecurityGroup",
            "name_prefix": "",
            "owner_id": "916955218910",
            "revoke_rules_on_delete": false,
            "tags": {
              "Name": "application Security Group"
            },
            "tags_all": {
              "Name": "application Security Group"
            },
            "timeouts": null,
            "vpc_id": "vpc-0a40934eb199c7b1f"
          },
          "sensitive_attributes": [],
          "private": "eyJlMmJmYjczMC1lY2FhLTExZTYtOGY4OC0zNDM2M2JjN2M0YzAiOnsiY3JlYXRlIjo2MDAwMDAwMDAwMDAsImRlbGV0ZSI6OTAwMDAwMDAwMDAwfSwic2NoZW1hX3ZlcnNpb24iOiIxIn0=",
          "dependencies": [
            "aws_security_group.load_balancer_security_group",
            "aws_vpc.vpc_demo"
          ],
          "create_before_destroy": true
        }
      ]
    },
    {
      "mode": "managed",
      "type": "aws_security_group",
      "name": "sg_db",
      "provider": "provider[\"registry.terraform.io/hashicorp/aws\"]",
      "instances": [
        {
          "schema_version": 1,
          "attributes": {
            "arn": "arn:aws:ec2:us-east-1:916955218910:security-group/sg-01b1d927f1adbcb16",
            "description": "Security group for database - postgres",
            "egress": [
              {
                "cidr_blocks": [
                  "0.0.0.0/0"
                ],
                "description": "",
                "from_port": 0,
                "ipv6_cidr_blocks": [],
                "prefix_list_ids": [],
                "protocol": "-1",
                "security_groups": [],
                "self": false,
                "to_port": 0
              }
            ],
            "id": "sg-01b1d927f1adbcb16",
            "ingress": [
              {
                "cidr_blocks": [],
                "description": "",
                "from_port": 5432,
                "ipv6_cidr_blocks": [],
                "prefix_list_ids": [],
                "protocol": "tcp",
                "security_groups": [
                  "sg-0f70f71715e011a17"
                ],
                "self": false,
                "to_port": 5432
              }
            ],
            "name": "sg_database20230407005111790600000005",
            "name_prefix": "sg_database",
            "owner_id": "916955218910",
            "revoke_rules_on_delete": false,
            "tags": {
              "Name": "database Security Group"
            },
            "tags_all": {
              "Name": "database Security Group"
            },
            "timeouts": null,
            "vpc_id": "vpc-0a40934eb199c7b1f"
          },
          "sensitive_attributes": [],
          "private": "eyJlMmJmYjczMC1lY2FhLTExZTYtOGY4OC0zNDM2M2JjN2M0YzAiOnsiY3JlYXRlIjo2MDAwMDAwMDAwMDAsImRlbGV0ZSI6OTAwMDAwMDAwMDAwfSwic2NoZW1hX3ZlcnNpb24iOiIxIn0=",
          "dependencies": [
            "aws_security_group.load_balancer_security_group",
            "aws_security_group.sg",
            "aws_vpc.vpc_demo"
          ],
          "create_before_destroy": true
        }
      ]
    },
    {
      "mode": "managed",
      "type": "aws_subnet",
      "name": "private",
      "provider": "provider[\"registry.terraform.io/hashicorp/aws\"]",
      "instances": [
        {
          "index_key": 0,
          "schema_version": 1,
          "attributes": {
            "arn": "arn:aws:ec2:us-east-1:916955218910:subnet/subnet-0f6ee96582d3594a0",
            "assign_ipv6_address_on_creation": false,
            "availability_zone": "us-east-1a",
            "availability_zone_id": "use1-az4",
            "cidr_block": "10.0.11.0/24",
            "customer_owned_ipv4_pool": "",
            "enable_dns64": false,
            "enable_resource_name_dns_a_record_on_launch": false,
            "enable_resource_name_dns_aaaa_record_on_launch": false,
            "id": "subnet-0f6ee96582d3594a0",
            "ipv6_cidr_block": "",
            "ipv6_cidr_block_association_id": "",
            "ipv6_native": false,
            "map_customer_owned_ip_on_launch": false,
            "map_public_ip_on_launch": false,
            "outpost_arn": "",
            "owner_id": "916955218910",
            "private_dns_hostname_type_on_launch": "ip-name",
            "tags": {
              "Name": "private-1"
            },
            "tags_all": {
              "Name": "private-1"
            },
            "timeouts": null,
            "vpc_id": "vpc-0a40934eb199c7b1f"
          },
          "sensitive_attributes": [],
          "private": "eyJlMmJmYjczMC1lY2FhLTExZTYtOGY4OC0zNDM2M2JjN2M0YzAiOnsiY3JlYXRlIjo2MDAwMDAwMDAwMDAsImRlbGV0ZSI6MTIwMDAwMDAwMDAwMH0sInNjaGVtYV92ZXJzaW9uIjoiMSJ9",
          "dependencies": [
            "aws_vpc.vpc_demo",
            "data.aws_availability_zones.available"
          ],
          "create_before_destroy": true
        },
        {
          "index_key": 1,
          "schema_version": 1,
          "attributes": {
            "arn": "arn:aws:ec2:us-east-1:916955218910:subnet/subnet-01bbeafb5ba1efc0b",
            "assign_ipv6_address_on_creation": false,
            "availability_zone": "us-east-1b",
            "availability_zone_id": "use1-az6",
            "cidr_block": "10.0.12.0/24",
            "customer_owned_ipv4_pool": "",
            "enable_dns64": false,
            "enable_resource_name_dns_a_record_on_launch": false,
            "enable_resource_name_dns_aaaa_record_on_launch": false,
            "id": "subnet-01bbeafb5ba1efc0b",
            "ipv6_cidr_block": "",
            "ipv6_cidr_block_association_id": "",
            "ipv6_native": false,
            "map_customer_owned_ip_on_launch": false,
            "map_public_ip_on_launch": false,
            "outpost_arn": "",
            "owner_id": "916955218910",
            "private_dns_hostname_type_on_launch": "ip-name",
            "tags": {
              "Name": "private-2"
            },
            "tags_all": {
              "Name": "private-2"
            },
            "timeouts": null,
            "vpc_id": "vpc-0a40934eb199c7b1f"
          },
          "sensitive_attributes": [],
          "private": "eyJlMmJmYjczMC1lY2FhLTExZTYtOGY4OC0zNDM2M2JjN2M0YzAiOnsiY3JlYXRlIjo2MDAwMDAwMDAwMDAsImRlbGV0ZSI6MTIwMDAwMDAwMDAwMH0sInNjaGVtYV92ZXJzaW9uIjoiMSJ9",
          "dependencies": [
            "aws_vpc.vpc_demo",
            "data.aws_availability_zones.available"
          ],
          "create_before_destroy": true
        },
        {
          "index_key": 2,
          "schema_version": 1,
          "attributes": {
            "arn": "arn:aws:ec2:us-east-1:916955218910:subnet/subnet-074a3ad21cfab857b",
            "assign_ipv6_address_on_creation": false,
            "availability_zone": "us-east-1c",
            "availability_zone_id": "use1-az1",
            "cidr_block": "10.0.13.0/24",
            "customer_owned_ipv4_pool": "",
            "enable_dns64": false,
            "enable_resource_name_dns_a_record_on_launch": false,
            "enable_resource_name_dns_aaaa_record_on_launch": false,
            "id": "subnet-074a3ad21cfab857b",
            "ipv6_cidr_block": "",
            "ipv6_cidr_block_association_id": "",
            "ipv6_native": false,
            "map_customer_owned_ip_on_launch": false,
            "map_public_ip_on_launch": false,
            "outpost_arn": "",
            "owner_id": "916955218910",
            "private_dns_hostname_type_on_launch": "ip-name",
            "tags": {
              "Name": "private-3"
            },
            "tags_all": {
              "Name": "private-3"
            },
            "timeouts": null,
            "vpc_id": "vpc-0a40934eb199c7b1f"
          },
          "sensitive_attributes": [],
          "private": "eyJlMmJmYjczMC1lY2FhLTExZTYtOGY4OC0zNDM2M2JjN2M0YzAiOnsiY3JlYXRlIjo2MDAwMDAwMDAwMDAsImRlbGV0ZSI6MTIwMDAwMDAwMDAwMH0sInNjaGVtYV92ZXJzaW9uIjoiMSJ9",
          "dependencies": [
            "aws_vpc.vpc_demo",
            "data.aws_availability_zones.available"
          ],
          "create_before_destroy": true
        }
      ]
    },
    {
      "mode": "managed",
      "type": "aws_subnet",
      "name": "public",
      "provider": "provider[\"registry.terraform.io/hashicorp/aws\"]",
      "instances": [
        {
          "index_key": 0,
          "schema_version": 1,
          "attributes": {
            "arn": "arn:aws:ec2:us-east-1:916955218910:subnet/subnet-09d118e89151023e2",
            "assign_ipv6_address_on_creation": false,
            "availability_zone": "us-east-1a",
            "availability_zone_id": "use1-az4",
            "cidr_block": "10.0.1.0/24",
            "customer_owned_ipv4_pool": "",
            "enable_dns64": false,
            "enable_resource_name_dns_a_record_on_launch": false,
            "enable_resource_name_dns_aaaa_record_on_launch": false,
            "id": "subnet-09d118e89151023e2",
            "ipv6_cidr_block": "",
            "ipv6_cidr_block_association_id": "",
            "ipv6_native": false,
            "map_customer_owned_ip_on_launch": false,
            "map_public_ip_on_launch": true,
            "outpost_arn": "",
            "owner_id": "916955218910",
            "private_dns_hostname_type_on_launch": "ip-name",
            "tags": {
              "Name": "public-1"
            },
            "tags_all": {
              "Name": "public-1"
            },
            "timeouts": null,
            "vpc_id": "vpc-0a40934eb199c7b1f"
          },
          "sensitive_attributes": [],
          "private": "eyJlMmJmYjczMC1lY2FhLTExZTYtOGY4OC0zNDM2M2JjN2M0YzAiOnsiY3JlYXRlIjo2MDAwMDAwMDAwMDAsImRlbGV0ZSI6MTIwMDAwMDAwMDAwMH0sInNjaGVtYV92ZXJzaW9uIjoiMSJ9",
          "dependencies": [
            "aws_vpc.vpc_demo",
            "data.aws_availability_zones.available"
          ]
        },
        {
          "index_key": 1,
          "schema_version": 1,
          "attributes": {
            "arn": "arn:aws:ec2:us-east-1:916955218910:subnet/subnet-01f3f9951d7948010",
            "assign_ipv6_address_on_creation": false,
            "availability_zone": "us-east-1b",
            "availability_zone_id": "use1-az6",
            "cidr_block": "10.0.2.0/24",
            "customer_owned_ipv4_pool": "",
            "enable_dns64": false,
            "enable_resource_name_dns_a_record_on_launch": false,
            "enable_resource_name_dns_aaaa_record_on_launch": false,
            "id": "subnet-01f3f9951d7948010",
            "ipv6_cidr_block": "",
            "ipv6_cidr_block_association_id": "",
            "ipv6_native": false,
            "map_customer_owned_ip_on_launch": false,
            "map_public_ip_on_launch": true,
            "outpost_arn": "",
            "owner_id": "916955218910",
            "private_dns_hostname_type_on_launch": "ip-name",
            "tags": {
              "Name": "public-2"
            },
            "tags_all": {
              "Name": "public-2"
            },
            "timeouts": null,
            "vpc_id": "vpc-0a40934eb199c7b1f"
          },
          "sensitive_attributes": [],
          "private": "eyJlMmJmYjczMC1lY2FhLTExZTYtOGY4OC0zNDM2M2JjN2M0YzAiOnsiY3JlYXRlIjo2MDAwMDAwMDAwMDAsImRlbGV0ZSI6MTIwMDAwMDAwMDAwMH0sInNjaGVtYV92ZXJzaW9uIjoiMSJ9",
          "dependencies": [
            "aws_vpc.vpc_demo",
            "data.aws_availability_zones.available"
          ]
        },
        {
          "index_key": 2,
          "schema_version": 1,
          "attributes": {
            "arn": "arn:aws:ec2:us-east-1:916955218910:subnet/subnet-095e3b0d6d32e8b22",
            "assign_ipv6_address_on_creation": false,
            "availability_zone": "us-east-1c",
            "availability_zone_id": "use1-az1",
            "cidr_block": "10.0.3.0/24",
            "customer_owned_ipv4_pool": "",
            "enable_dns64": false,
            "enable_resource_name_dns_a_record_on_launch": false,
            "enable_resource_name_dns_aaaa_record_on_launch": false,
            "id": "subnet-095e3b0d6d32e8b22",
            "ipv6_cidr_block": "",
            "ipv6_cidr_block_association_id": "",
            "ipv6_native": false,
            "map_customer_owned_ip_on_launch": false,
            "map_public_ip_on_launch": true,
            "outpost_arn": "",
            "owner_id": "916955218910",
            "private_dns_hostname_type_on_launch": "ip-name",
            "tags": {
              "Name": "public-3"
            },
            "tags_all": {
              "Name": "public-3"
            },
            "timeouts": null,
            "vpc_id": "vpc-0a40934eb199c7b1f"
          },
          "sensitive_attributes": [],
          "private": "eyJlMmJmYjczMC1lY2FhLTExZTYtOGY4OC0zNDM2M2JjN2M0YzAiOnsiY3JlYXRlIjo2MDAwMDAwMDAwMDAsImRlbGV0ZSI6MTIwMDAwMDAwMDAwMH0sInNjaGVtYV92ZXJzaW9uIjoiMSJ9",
          "dependencies": [
            "aws_vpc.vpc_demo",
            "data.aws_availability_zones.available"
          ]
        }
      ]
    },
    {
      "mode": "managed",
      "type": "aws_vpc",
      "name": "vpc_demo",
      "provider": "provider[\"registry.terraform.io/hashicorp/aws\"]",
      "instances": [
        {
          "schema_version": 1,
          "attributes": {
            "arn": "arn:aws:ec2:us-east-1:916955218910:vpc/vpc-0a40934eb199c7b1f",
            "assign_generated_ipv6_cidr_block": false,
            "cidr_block": "10.0.0.0/16",
            "default_network_acl_id": "acl-0682eebfbf4982732",
            "default_route_table_id": "rtb-06809c18b31e90dce",
            "default_security_group_id": "sg-05f9fd8715b4e3484",
            "dhcp_options_id": "dopt-052a519df5f8b4210",
            "enable_classiclink": false,
            "enable_classiclink_dns_support": false,
            "enable_dns_hostnames": true,
            "enable_dns_support": true,
            "enable_network_address_usage_metrics": false,
            "id": "vpc-0a40934eb199c7b1f",
            "instance_tenancy": "default",
            "ipv4_ipam_pool_id": null,
            "ipv4_netmask_length": null,
            "ipv6_association_id": "",
            "ipv6_cidr_block": "",
            "ipv6_cidr_block_network_border_group": "",
            "ipv6_ipam_pool_id": "",
            "ipv6_netmask_length": 0,
            "main_route_table_id": "rtb-06809c18b31e90dce",
            "owner_id": "916955218910",
            "tags": {
              "Name": "vpc_demo"
            },
            "tags_all": {
              "Name": "vpc_demo"
            }
          },
          "sensitive_attributes": [],
          "private": "eyJzY2hlbWFfdmVyc2lvbiI6IjEifQ==",
          "create_before_destroy": true
        }
      ]
    }
  ],
  "check_results": null
}
